
Microsoft Visual Studio Solution File, Format Version 12.00
# Visual Studio Version 17
VisualStudioVersion = 17.5.002.0
MinimumVisualStudioVersion = 10.0.40219.1
Project("{9A19103F-16F7-4668-BE54-9A1E7A4F7556}") = "DynamicExecutorDemo", "DynamicExecutorDemo\DynamicExecutorDemo.csproj", "{8D95D8A9-028B-4F07-ABC0-F0F99D47170D}"
EndProject
Global
	GlobalSection(SolutionConfigurationPlatforms) = preSolution
		Debug|Any CPU = Debug|Any CPU
		Release|Any CPU = Release|Any CPU
	EndGlobalSection
	GlobalSection(ProjectConfigurationPlatforms) = postSolution
		{8D95D8A9-028B-4F07-ABC0-F0F99D47170D}.Debug|Any CPU.ActiveCfg = Debug|Any CPU
		{8D95D8A9-028B-4F07-ABC0-F0F99D47170D}.Debug|Any CPU.Build.0 = Debug|Any CPU
		{8D95D8A9-028B-4F07-ABC0-F0F99D47170D}.Release|Any CPU.ActiveCfg = Release|Any CPU
		{8D95D8A9-028B-4F07-ABC0-F0F99D47170D}.Release|Any CPU.Build.0 = Release|Any CPU
	EndGlobalSection
	GlobalSection(SolutionProperties) = preSolution
		HideSolutionNode = FALSE
	EndGlobalSection
	GlobalSection(ExtensibilityGlobals) = postSolution
		SolutionGuid = {BF305D2E-7A7A-4FDF-88CD-408E0D054E12}
	EndGlobalSection
EndGlobal
